{
  "version": "4",
  "specifiers": {
    "npm:@anthropic-ai/sdk@*": "0.32.1",
    "npm:@types/node@*": "22.5.4"
  },
  "npm": {
    "@anthropic-ai/sdk@0.32.1": {
      "integrity": "sha512-U9JwTrDvdQ9iWuABVsMLj8nJVwAyQz6QXvgLsVhryhCEPkLsbcP/MXxm+jYcAwLoV8ESbaTTjnD4kuAFa+Hyjg==",
      "dependencies": [
        "@types/node@18.19.67",
        "@types/node-fetch",
        "abort-controller",
        "agentkeepalive",
        "form-data-encoder",
        "formdata-node",
        "node-fetch"
      ]
    },
    "@types/node-fetch@2.6.12": {
      "integrity": "sha512-8nneRWKCg3rMtF69nLQJnOYUcbafYeFSjqkw3jCRLsqkWFlHaoQrr5mXmofFGOx3DKn7UfmBMyov8ySvLRVldA==",
      "dependencies": [
        "@types/node@22.5.4",
        "form-data"
      ]
    },
    "@types/node@18.19.67": {
      "integrity": "sha512-wI8uHusga+0ZugNp0Ol/3BqQfEcCCNfojtO6Oou9iVNGPTL6QNSdnUdqq85fRgIorLhLMuPIKpsN98QE9Nh+KQ==",
      "dependencies": [
        "undici-types@5.26.5"
      ]
    },
    "@types/node@22.5.4": {
      "integrity": "sha512-FDuKUJQm/ju9fT/SeX/6+gBzoPzlVCzfzmGkwKvRHQVxi4BntVbyIwf6a4Xn62mrvndLiml6z/UBXIdEVjQLXg==",
      "dependencies": [
        "undici-types@6.19.8"
      ]
    },
    "abort-controller@3.0.0": {
      "integrity": "sha512-h8lQ8tacZYnR3vNQTgibj+tODHI5/+l06Au2Pcriv/Gmet0eaj4TwWH41sO9wnHDiQsEj19q0drzdWdeAHtweg==",
      "dependencies": [
        "event-target-shim"
      ]
    },
    "agentkeepalive@4.5.0": {
      "integrity": "sha512-5GG/5IbQQpC9FpkRGsSvZI5QYeSCzlJHdpBQntCsuTOxhKD8lqKhrleg2Yi7yvMIf82Ycmmqln9U8V9qwEiJew==",
      "dependencies": [
        "humanize-ms"
      ]
    },
    "asynckit@0.4.0": {
      "integrity": "sha512-Oei9OH4tRh0YqU3GxhX79dM/mwVgvbZJaSNaRk+bshkj0S5cfHcgYakreBjrHwatXKbz+IoIdYLxrKim2MjW0Q=="
    },
    "combined-stream@1.0.8": {
      "integrity": "sha512-FQN4MRfuJeHf7cBbBMJFXhKSDq+2kAArBlmRBvcvFE5BB1HZKXtSFASDhdlz9zOYwxh8lDdnvmMOe/+5cdoEdg==",
      "dependencies": [
        "delayed-stream"
      ]
    },
    "delayed-stream@1.0.0": {
      "integrity": "sha512-ZySD7Nf91aLB0RxL4KGrKHBXl7Eds1DAmEdcoVawXnLD7SDhpNgtuII2aAkg7a7QS41jxPSZ17p4VdGnMHk3MQ=="
    },
    "event-target-shim@5.0.1": {
      "integrity": "sha512-i/2XbnSz/uxRCU6+NdVJgKWDTM427+MqYbkQzD321DuCQJUqOuJKIA0IM2+W2xtYHdKOmZ4dR6fExsd4SXL+WQ=="
    },
    "form-data-encoder@1.7.2": {
      "integrity": "sha512-qfqtYan3rxrnCk1VYaA4H+Ms9xdpPqvLZa6xmMgFvhO32x7/3J/ExcTd6qpxM0vH2GdMI+poehyBZvqfMTto8A=="
    },
    "form-data@4.0.1": {
      "integrity": "sha512-tzN8e4TX8+kkxGPK8D5u0FNmjPUjw3lwC9lSLxxoB/+GtsJG91CO8bSWy73APlgAZzZbXEYZJuxjkHH2w+Ezhw==",
      "dependencies": [
        "asynckit",
        "combined-stream",
        "mime-types"
      ]
    },
    "formdata-node@4.4.1": {
      "integrity": "sha512-0iirZp3uVDjVGt9p49aTaqjk84TrglENEDuqfdlZQ1roC9CWlPk6Avf8EEnZNcAqPonwkG35x4n3ww/1THYAeQ==",
      "dependencies": [
        "node-domexception",
        "web-streams-polyfill"
      ]
    },
    "humanize-ms@1.2.1": {
      "integrity": "sha512-Fl70vYtsAFb/C06PTS9dZBo7ihau+Tu/DNCk/OyHhea07S+aeMWpFFkUaXRa8fI+ScZbEI8dfSxwY7gxZ9SAVQ==",
      "dependencies": [
        "ms"
      ]
    },
    "mime-db@1.52.0": {
      "integrity": "sha512-sPU4uV7dYlvtWJxwwxHD0PuihVNiE7TyAbQ5SWxDCB9mUYvOgroQOwYQQOKPJ8CIbE+1ETVlOoK1UC2nU3gYvg=="
    },
    "mime-types@2.1.35": {
      "integrity": "sha512-ZDY+bPm5zTTF+YpCrAU9nK0UgICYPT0QtT1NZWFv4s++TNkcgVaT0g6+4R2uI4MjQjzysHB1zxuWL50hzaeXiw==",
      "dependencies": [
        "mime-db"
      ]
    },
    "ms@2.1.3": {
      "integrity": "sha512-6FlzubTLZG3J2a/NVCAleEhjzq5oxgHyaCU9yYXvcLsvoVaHJq/s5xXI6/XXP6tz7R9xAOtHnSO/tXtF3WRTlA=="
    },
    "node-domexception@1.0.0": {
      "integrity": "sha512-/jKZoMpw0F8GRwl4/eLROPA3cfcXtLApP0QzLmUT/HuPCZWyB7IY9ZrMeKw2O/nFIqPQB3PVM9aYm0F312AXDQ=="
    },
    "node-fetch@2.7.0": {
      "integrity": "sha512-c4FRfUm/dbcWZ7U+1Wq0AwCyFL+3nt2bEw05wfxSz+DWpWsitgmSgYmy2dQdWyKC1694ELPqMs/YzUSNozLt8A==",
      "dependencies": [
        "whatwg-url"
      ]
    },
    "tr46@0.0.3": {
      "integrity": "sha512-N3WMsuqV66lT30CrXNbEjx4GEwlow3v6rr4mCcv6prnfwhS01rkgyFdjPNBYd9br7LpXV1+Emh01fHnq2Gdgrw=="
    },
    "undici-types@5.26.5": {
      "integrity": "sha512-JlCMO+ehdEIKqlFxk6IfVoAUVmgz7cU7zD/h9XZ0qzeosSHmUJVOzSQvvYSYWXkFXC+IfLKSIffhv0sVZup6pA=="
    },
    "undici-types@6.19.8": {
      "integrity": "sha512-ve2KP6f/JnbPBFyobGHuerC9g1FYGn/F8n1LWTwNxCEzd6IfqTwUQcNXgEtmmQ6DlRrC1hrSrBnCZPokRrDHjw=="
    },
    "web-streams-polyfill@4.0.0-beta.3": {
      "integrity": "sha512-QW95TCTaHmsYfHDybGMwO5IJIM93I/6vTRk+daHTWFPhwh+C8Cg7j7XyKrwrj8Ib6vYXe0ocYNrmzY4xAAN6ug=="
    },
    "webidl-conversions@3.0.1": {
      "integrity": "sha512-2JAn3z8AR6rjK8Sm8orRC0h/bcl/DqL7tRPdGZ4I1CjdF+EaMLmYxBHyXuKL849eucPFhvBoxMsflfOb8kxaeQ=="
    },
    "whatwg-url@5.0.0": {
      "integrity": "sha512-saE57nupxk6v3HY35+jzBwYa0rKSy0XR8JSxZPwgLr7ys0IBzhGviA1/TUGJLmSVqs8pb9AnvICXEuOHLprYTw==",
      "dependencies": [
        "tr46",
        "webidl-conversions"
      ]
    }
  },
  "redirects": {
    "https://deno.land/std/yaml/mod.ts": "https://deno.land/std@0.224.0/yaml/mod.ts",
    "https://deno.land/x/dotenv/mod.ts": "https://deno.land/x/dotenv@v3.2.2/mod.ts",
    "https://deno.land/x/smtp/mod.ts": "https://deno.land/x/smtp@v0.7.0/mod.ts",
    "https://esm.sh/@langchain/openai": "https://esm.sh/@langchain/openai@0.3.14"
  },
  "remote": {
    "https://deno.land/std@0.204.0/dotenv/mod.ts": "1da8c6d0e7f7d8a5c2b19400b763bc11739df24acec235dda7ea2cfd3d300057",
    "https://deno.land/std@0.224.0/yaml/_dumper/dumper.ts": "08b595b40841a2e1c75303f5096392323b6baf8e9662430a91e3b36fbe175fe9",
    "https://deno.land/std@0.224.0/yaml/_dumper/dumper_state.ts": "9e29f700ea876ed230b43f11fa006fcb1a62eedc1e27d32baaeaf3210f19f1e7",
    "https://deno.land/std@0.224.0/yaml/_error.ts": "f38cdebdb69cde16903d9aa2f3b8a3dd9d13e5f7f3570bf662bfaca69fef669e",
    "https://deno.land/std@0.224.0/yaml/_loader/loader.ts": "bf9e8a99770b59bc887b43ebccea108cbe9146ae32d91f7ce558d62c946d3fe3",
    "https://deno.land/std@0.224.0/yaml/_loader/loader_state.ts": "ee216de6040551940b85473c3185fdb7a6f3030b77153f87a6b7f63f82e489ea",
    "https://deno.land/std@0.224.0/yaml/_mark.ts": "61097a614857fcebf7b2ecad057916d74c90cd160117a33c9e74bac60457410a",
    "https://deno.land/std@0.224.0/yaml/_state.ts": "f3b1c1fd11860302f1f33e35e9ce089bf069d4943e8d67516cd6bedbba058c13",
    "https://deno.land/std@0.224.0/yaml/_type/binary.ts": "f1a6e1d83dcc52b21cc3639cd98be44051cfc54065cc4f2a42065bce07ebc07d",
    "https://deno.land/std@0.224.0/yaml/_type/bool.ts": "121743b23ba82a27ad6a3ec6298c7f5b0908f90e52707f8644a91f7ad51ed2ef",
    "https://deno.land/std@0.224.0/yaml/_type/float.ts": "c5ed84b0aec1ec5dc05f6abfaaff672e8890d4d44a42120b4445c9754fca4eba",
    "https://deno.land/std@0.224.0/yaml/_type/function.ts": "bbf705058942bf3370604b37eb77a10aadd72f986c237c9f69b43378a42202c1",
    "https://deno.land/std@0.224.0/yaml/_type/int.ts": "c2dc88438a60fccc8d2226042bd18b9967753adaf6bd145feb8b99d567e432ce",
    "https://deno.land/std@0.224.0/yaml/_type/map.ts": "ae2acb1cb837fb8e96c75c98611cfd45af847d0114ab5336333c318e7d4b12f4",
    "https://deno.land/std@0.224.0/yaml/_type/merge.ts": "ad0d971f91d2fb9f4ab3eba0c837eae357b1804d6b798adc99dc917bc5306b11",
    "https://deno.land/std@0.224.0/yaml/_type/mod.ts": "e8929d7b1c969a74f76338d4eb380ef8c4a26cd6441117d521f076b766e9c265",
    "https://deno.land/std@0.224.0/yaml/_type/nil.ts": "cbe4387d02d5933322c21b25d8955c5e6228c492e391a6fb82dcf4f498cc421c",
    "https://deno.land/std@0.224.0/yaml/_type/omap.ts": "cda915105ab22ba9e1d6317adacee8eec2d8ddaf864cc2f814e3e476946e72c6",
    "https://deno.land/std@0.224.0/yaml/_type/pairs.ts": "dd39bb44c1b9abaf6172c63f73350475933151f07e05253b81f7860c9b507177",
    "https://deno.land/std@0.224.0/yaml/_type/regexp.ts": "e49eb9e1c9356fd142bc15f7f323820d411fcc537b5ba3896df9a8b812d270a4",
    "https://deno.land/std@0.224.0/yaml/_type/seq.ts": "2deffc7f970869bc01a1541b4961d076329a1c2b30b95e07918f3132db7c3fe2",
    "https://deno.land/std@0.224.0/yaml/_type/set.ts": "be8a9e7237a7ffc92dfbe7f5e552d84b7eeba60f3f73cc77fc3c59d3506c74ea",
    "https://deno.land/std@0.224.0/yaml/_type/str.ts": "88f0a1ba12295520cd57e96cd78d53aa0787d53c7a1c506155f418c496c2f550",
    "https://deno.land/std@0.224.0/yaml/_type/timestamp.ts": "277a41a40fb93c3b2b3f5c373bf11b0b7856cc6a7b919e8ea130755e4029edc5",
    "https://deno.land/std@0.224.0/yaml/_type/undefined.ts": "9d215953c65740f1764e0bdca021007573473f0c49e087f00d9ff02817ecfc97",
    "https://deno.land/std@0.224.0/yaml/_utils.ts": "91bbe28b5e7000b9594e40ff5353f8fe7a7ba914eec917e1202cbaf5ac931c58",
    "https://deno.land/std@0.224.0/yaml/mod.ts": "54e9bfad77c8cd58f49b65f4d568045ff08989ed36318a2ca733a43cb6f1bc00",
    "https://deno.land/std@0.224.0/yaml/parse.ts": "f45278d9ebccb789af4eceeffa5c291e194bcf1fa9aab1b34ff52c2bd4a9d886",
    "https://deno.land/std@0.224.0/yaml/schema.ts": "a0f7956d997852b5d1c6564bd73eb7352175cfba439707ac819b65b5a2ec173a",
    "https://deno.land/std@0.224.0/yaml/schema/core.ts": "0a37c07710e3df4eb4edc02f4edf623bf8df5af72b34d8a7c0229d0bac2a7043",
    "https://deno.land/std@0.224.0/yaml/schema/default.ts": "1367fd30420c7071ecc67e5b470838474e8259aaf64460f314af4b6bd8da497c",
    "https://deno.land/std@0.224.0/yaml/schema/extended.ts": "248180c22697f37ed173057eae62ce4879865bb59f30c4908d698bed5edcc7c5",
    "https://deno.land/std@0.224.0/yaml/schema/failsafe.ts": "0ac1cae5b86d8fe2c83ad0a17f8adc33106a452b7139f84e4b0bfaee2206730e",
    "https://deno.land/std@0.224.0/yaml/schema/json.ts": "a0228a0c0bad7dece17ab848774fcadc2ccb5e51775c2d58d21d486917ba3ba1",
    "https://deno.land/std@0.224.0/yaml/schema/mod.ts": "0e1558a4823834f106675e48ddc15338e04f6f18469d1a7d6b3f0e1ab06abcb2",
    "https://deno.land/std@0.224.0/yaml/stringify.ts": "f0ed4e419cb40c807cf79ae4039d6cdf492be9a947121fff4d4b7cd1d4738bae",
    "https://deno.land/std@0.224.0/yaml/type.ts": "708dde5f20b01cc1096489b7155b6af79a217d585afb841128e78c3c2391eb5c",
    "https://deno.land/std@0.81.0/_util/assert.ts": "e1f76e77c5ccb5a8e0dbbbe6cce3a56d2556c8cb5a9a8802fc9565af72462149",
    "https://deno.land/std@0.81.0/bytes/mod.ts": "e4f91c6473fe13e3cf1a23649137f87f49135c10bc08fc0f83382a0fb0b03744",
    "https://deno.land/std@0.81.0/encoding/utf8.ts": "1b7e77db9a12363c67872f8a208886ca1329f160c1ca9133b13d2ed399688b99",
    "https://deno.land/std@0.81.0/io/bufio.ts": "3cbbe1f761c1c636d1e7128ed4e7fdca6bf21d9199aa3cae71e69972a6ae8f93",
    "https://deno.land/std@0.81.0/textproto/mod.ts": "4c378eda3cb6216608bb4c3a34201761c65f6980c4669455ca224c330cd5b790",
    "https://deno.land/x/dotenv@v3.2.2/mod.ts": "077b48773de9205266a0b44c3c3a3c3083449ed64bb0b6cc461b95720678d38e",
    "https://deno.land/x/dotenv@v3.2.2/util.ts": "693730877b13f8ead2b79b2aa31e2a0652862f7dc0c5f6d2f313f4d39c7b7670",
    "https://deno.land/x/smtp@v0.7.0/code.ts": "f388fae4995b4d35d99fb6b8bfded522f5a3e7e7d63babdf318a059d6db43baf",
    "https://deno.land/x/smtp@v0.7.0/config.ts": "683a6fa684e5ef3705e809b203abea7804a90afde7b534d66c182ea3d17902d3",
    "https://deno.land/x/smtp@v0.7.0/deps.ts": "5e2a437e3ae35f0e83719fd2e707858dcb750c1111ff5bebc729522a1380b53d",
    "https://deno.land/x/smtp@v0.7.0/mod.ts": "9b0d8fbdacc184d1af10f727980e51486e0ddf9d2ec7227c8dfce90db5bfbcf5",
    "https://deno.land/x/smtp@v0.7.0/smtp.ts": "47c72a99925ad07f3174037f9325dbb8b703dc1177277b9161dc6209c7fa4f90",
    "https://esm.sh/@langchain/openai@0.3.14": "0c5c9da49acfb9b89ad8ad3f947753bb02cc0c310ae130f650d42f6545d7acd6",
    "https://esm.sh/v135/@langchain/core@0.3.18/denonext/embeddings.js": "d4277f645b2b1db074f2aea25c0d0d314f10ab61485722883c5c152d9f47501d",
    "https://esm.sh/v135/@langchain/core@0.3.18/denonext/language_models/base.js": "45e5ed1633d442eb121535f6b153e3de1984d707fd7f758346ea32fb4b499f1d",
    "https://esm.sh/v135/@langchain/core@0.3.18/denonext/language_models/chat_models.js": "d169e432ab078d60747d30d6d1716340907736b8da44af26fee73b1c54e7fa8b",
    "https://esm.sh/v135/@langchain/core@0.3.18/denonext/language_models/llms.js": "64c960da3567f179e31cbb7ddc302a08fc62a5c6a8c1b6203a66c68233d0b9c9",
    "https://esm.sh/v135/@langchain/core@0.3.18/denonext/messages.js": "b67e1a265b06aeb143f655ec871b2578fd73be7145fe5cff99553fb86d715ba3",
    "https://esm.sh/v135/@langchain/core@0.3.18/denonext/output_parsers.js": "9559b59d50d953f1136b8dcde74634297f4ea9cc5569632dcb5b5013bf95f3bd",
    "https://esm.sh/v135/@langchain/core@0.3.18/denonext/output_parsers/openai_tools.js": "78d90475a8b8704ee40d46c1e22995349748633ee7bff1dbda3feef0c8497615",
    "https://esm.sh/v135/@langchain/core@0.3.18/denonext/outputs.js": "f712c7293de64a6ef95f57f87c1cb17654d38d36f6a470121fdaf8a06732bf2b",
    "https://esm.sh/v135/@langchain/core@0.3.18/denonext/runnables.js": "60fc325005baaaf8d0f67a235b4d2336adf94d06f42d0628f0073aae1a535ef6",
    "https://esm.sh/v135/@langchain/core@0.3.18/denonext/tools.js": "65d22d8e5c202d3ccbea9dd6a3d2bbc4ff15f74e178268bbbcdcac8b9f662699",
    "https://esm.sh/v135/@langchain/core@0.3.18/denonext/utils/chunk_array.js": "da903d677c169517a4db24fc64f7926499681b1325dd59737e2054b8df3be52a",
    "https://esm.sh/v135/@langchain/core@0.3.18/denonext/utils/env.js": "09e1e632abf254d959c14263d775290b26ffcae8813aed45de4bd99a596a35a5",
    "https://esm.sh/v135/@langchain/core@0.3.18/denonext/utils/function_calling.js": "27908c5e8c0717e94311afb4a5ab44b74afaa20be826ce0cd093f834576d21e4",
    "https://esm.sh/v135/@langchain/openai@0.3.14/denonext/openai.mjs": "90439afce60585b8054e61dca82580ca49fbb678a3f9eadcd8e589e298e6221d",
    "https://esm.sh/v135/ansi-styles@5.2.0/denonext/ansi-styles.mjs": "8a10e68165432fcfd0929bdeb4e33a194af8b790702f60b2ea0477749990964c",
    "https://esm.sh/v135/base64-js@1.5.1/denonext/base64-js.mjs": "37ce4431d0b110375d0cafee5cb015592b09352595aca9393e5ecf417f71fae2",
    "https://esm.sh/v135/camelcase@6.3.0/denonext/camelcase.mjs": "ac0c366a0afa66cdf9eab2f6e188e0d86fce8d59d410e9642b216c1548b1c35f",
    "https://esm.sh/v135/decamelize@1.2.0/denonext/decamelize.mjs": "504737df810416c264e5b908664fcce90aa57500ef725b262a8bea0ccb7f8e14",
    "https://esm.sh/v135/eventemitter3@4.0.7/denonext/eventemitter3.mjs": "6f8a6195e1a9effb73bb163c577400d608dec7c4e0bd839045fd9ea4db66e9fe",
    "https://esm.sh/v135/js-tiktoken@1.0.15/denonext/lite.js": "0dfe8ba21613d9830ae127c97bdcbcba273608632969c786e8c88c7015f6a5b6",
    "https://esm.sh/v135/langsmith@0.2.5/denonext/langsmith.mjs": "bb59c837827744810db53f9b1a271a6121d0390e8cce3a2c3d64726158684677",
    "https://esm.sh/v135/langsmith@0.2.5/denonext/run_trees.js": "112cd2003dbf3a3d15833b929b8fb98834fcff93bb00bbcabf693f3c9a6d03fa",
    "https://esm.sh/v135/langsmith@0.2.5/denonext/singletons/traceable.js": "73b15069130e3e1daa0631e7b0f1af915f8b0632f2c7b83b6c9cf8e1c4bf583c",
    "https://esm.sh/v135/openai@4.72.0/denonext/_shims.js": "11970b2c2eb1370e9232f425682a0334bb55fa53a7465d017f904ebc588dba02",
    "https://esm.sh/v135/openai@4.72.0/denonext/_shims/MultipartBody.js": "7cd520b3c0c0358e278541e72c74ad942ac9a531d963138f9273eca14fcf56e4",
    "https://esm.sh/v135/openai@4.72.0/denonext/_shims/auto/runtime.js": "34c7e48a16af176951225df095f34847d468bbee21ef0b1a030b33f9ada4a633",
    "https://esm.sh/v135/openai@4.72.0/denonext/_shims/registry.js": "05a7fd62c6332a3422cbd68412521c9a59bdf611460b1178e6a4bef79fa9b06c",
    "https://esm.sh/v135/openai@4.72.0/denonext/_shims/web-runtime.js": "28f62af9e868ff208f2d61d236a4c741483d420852ef7b12cfef03e186f72669",
    "https://esm.sh/v135/openai@4.72.0/denonext/_vendor/partial-json-parser/parser.js": "4c0906dca5cd5f792b191d0d3e7033129bf6a97a188213e7e8bb55aecbf30811",
    "https://esm.sh/v135/openai@4.72.0/denonext/_vendor/zod-to-json-schema.js": "6c7810acea8891e0107868fd6a6e228087a97a530af8d5737bc16d6255305c07",
    "https://esm.sh/v135/openai@4.72.0/denonext/_vendor/zod-to-json-schema/Options.js": "c41aefccb537b0fd7ca37fd1273a183bae46d251d0e1a408fb5979679f665716",
    "https://esm.sh/v135/openai@4.72.0/denonext/_vendor/zod-to-json-schema/Refs.js": "acdb8ddf0f4ee9de5305ac93ee3118872316de19b84b3395b9c7356d31d3ddab",
    "https://esm.sh/v135/openai@4.72.0/denonext/_vendor/zod-to-json-schema/errorMessages.js": "ff0492ea777388402f4f069e39dd8622ea5be28f7ef32edea55d415245da89a5",
    "https://esm.sh/v135/openai@4.72.0/denonext/_vendor/zod-to-json-schema/parseDef.js": "42f3dfce6778e1f4d9816a3b59f72046834837c052350775b9054e78e0ba53f0",
    "https://esm.sh/v135/openai@4.72.0/denonext/_vendor/zod-to-json-schema/parsers/any.js": "128804494bb966f1bacafbfac9e86e25987c5746cef13bf2422a80e7c3f5f926",
    "https://esm.sh/v135/openai@4.72.0/denonext/_vendor/zod-to-json-schema/parsers/array.js": "f0833ac98cd9ba6957a48053187823f1810c35ec5da701e32bb5e1d4f16305f9",
    "https://esm.sh/v135/openai@4.72.0/denonext/_vendor/zod-to-json-schema/parsers/bigint.js": "484a556976d1d5f2f519f77176c74a1cf3b9f24e65ca3adb6aafbf96dfa26146",
    "https://esm.sh/v135/openai@4.72.0/denonext/_vendor/zod-to-json-schema/parsers/boolean.js": "5ee7e6f22d3da30b763335f695542ae2140c4769154dbf3a05b1a75c817f05d0",
    "https://esm.sh/v135/openai@4.72.0/denonext/_vendor/zod-to-json-schema/parsers/branded.js": "c5ffaa29b1c9b2e6d9f5ea06fbc07c2d34db7f72ada065afbc6e9f7cba937f0b",
    "https://esm.sh/v135/openai@4.72.0/denonext/_vendor/zod-to-json-schema/parsers/catch.js": "e1b0dc726faf7edf66bd086ffbda15ecf9fe2479f4c0ac6f811d8933c2d05699",
    "https://esm.sh/v135/openai@4.72.0/denonext/_vendor/zod-to-json-schema/parsers/date.js": "d6d1eb819dff57a951c16600f95315ba44b1557f7b386db15c8dd3a2b1f775ea",
    "https://esm.sh/v135/openai@4.72.0/denonext/_vendor/zod-to-json-schema/parsers/default.js": "14394b97f4da57ce7744208ff2b17b908200501eef72b33cd1acb23d3cacd92c",
    "https://esm.sh/v135/openai@4.72.0/denonext/_vendor/zod-to-json-schema/parsers/effects.js": "bf784c4230f84e65cc7957bb0037d490d2c48b74737f2bdd04a95215c1a7df41",
    "https://esm.sh/v135/openai@4.72.0/denonext/_vendor/zod-to-json-schema/parsers/enum.js": "fa2187a205e7910e34e56d72764fea53c073945614a6a2659d9e6989658c4647",
    "https://esm.sh/v135/openai@4.72.0/denonext/_vendor/zod-to-json-schema/parsers/intersection.js": "e24c83aaf00468fac58271a58976cb62adeabfea80e3d59a27e549abbcd7ba9c",
    "https://esm.sh/v135/openai@4.72.0/denonext/_vendor/zod-to-json-schema/parsers/literal.js": "b6a16efb9262d20b67d8539d90ce18c0aefff48fa036fcbcc3600721aceae462",
    "https://esm.sh/v135/openai@4.72.0/denonext/_vendor/zod-to-json-schema/parsers/map.js": "e7b4430bcae4f99f78487941b60dd09f1ef8bea9a5db4954d99325db80d01039",
    "https://esm.sh/v135/openai@4.72.0/denonext/_vendor/zod-to-json-schema/parsers/nativeEnum.js": "bd83e1bf897393b09a42579f24503988a64262abd13a34c192292eea5976741b",
    "https://esm.sh/v135/openai@4.72.0/denonext/_vendor/zod-to-json-schema/parsers/never.js": "3a916a059299fb6994c2ad14b8fa651be59d55385cfac2b7812c1fc44645eb60",
    "https://esm.sh/v135/openai@4.72.0/denonext/_vendor/zod-to-json-schema/parsers/null.js": "abcbf2a664fd0d488d0e1ca43e8e058e99de309170f6f37a5e92659dd0170501",
    "https://esm.sh/v135/openai@4.72.0/denonext/_vendor/zod-to-json-schema/parsers/nullable.js": "e80663858988df769ce254a51c92051264aa3d2841f84b15d058cf8d596958fe",
    "https://esm.sh/v135/openai@4.72.0/denonext/_vendor/zod-to-json-schema/parsers/number.js": "41be0d0e79a885a81824c1a23ea8e39f452af5936e69206c19b0ad85107ec1d7",
    "https://esm.sh/v135/openai@4.72.0/denonext/_vendor/zod-to-json-schema/parsers/object.js": "db33ea66bd111c713ef60dbc01989c96905fca1f6944b705a5ebbdde698f23e8",
    "https://esm.sh/v135/openai@4.72.0/denonext/_vendor/zod-to-json-schema/parsers/optional.js": "1c418508a8b60cd5867e160cb8c29b027f8f960f1cd45db3a7395d2a487999df",
    "https://esm.sh/v135/openai@4.72.0/denonext/_vendor/zod-to-json-schema/parsers/pipeline.js": "8f99efad1229938cc79c5cc79b52876fa6d7610804ee756f9c16259829e99258",
    "https://esm.sh/v135/openai@4.72.0/denonext/_vendor/zod-to-json-schema/parsers/promise.js": "77f83c5c609519aa6dc8e2a41e970e5c13f6b2871f9e592933ca2231b8338853",
    "https://esm.sh/v135/openai@4.72.0/denonext/_vendor/zod-to-json-schema/parsers/readonly.js": "c0b665b5f0c18752f1a49afef062d88bd8c5792316630888ee1201dfa8fe6b88",
    "https://esm.sh/v135/openai@4.72.0/denonext/_vendor/zod-to-json-schema/parsers/record.js": "d409a0dadcc907f76077d6112ea9b321975ef3b1ba6b40fc6f83014f8cf806dc",
    "https://esm.sh/v135/openai@4.72.0/denonext/_vendor/zod-to-json-schema/parsers/set.js": "a7bd3ea3ff6a7642103088452379668b512fe329046bed9d2ef7f77f8785912c",
    "https://esm.sh/v135/openai@4.72.0/denonext/_vendor/zod-to-json-schema/parsers/string.js": "38027ab9709496a1a9998e466f8e52f0b074a86aa332f10f8f4e927aa9cec5f6",
    "https://esm.sh/v135/openai@4.72.0/denonext/_vendor/zod-to-json-schema/parsers/tuple.js": "71c556298e0bea8e2d378fa1f41b52ce3ecae6a9e1addabd1dda5ff9e2e70d3d",
    "https://esm.sh/v135/openai@4.72.0/denonext/_vendor/zod-to-json-schema/parsers/undefined.js": "7c28cec7dabdd42a15cfe1286c152c89bc11f26c7dfaf64e2b6cc88167fca8bb",
    "https://esm.sh/v135/openai@4.72.0/denonext/_vendor/zod-to-json-schema/parsers/union.js": "60b4b4b645a9059bffbe00310a994f895e739e16a86335c13baff887fefa606e",
    "https://esm.sh/v135/openai@4.72.0/denonext/_vendor/zod-to-json-schema/parsers/unknown.js": "4ee4bae8c5d703ec6e8654175c7cd07336ef7da53d02b28826bed95ff678f0b9",
    "https://esm.sh/v135/openai@4.72.0/denonext/_vendor/zod-to-json-schema/util.js": "a178d1816fa7b26d39fd0f4b729e08e277210ac441d983c0e7059186484435c7",
    "https://esm.sh/v135/openai@4.72.0/denonext/_vendor/zod-to-json-schema/zodToJsonSchema.js": "1490afe59588190f451c06dd5e7660453a132fdadbdf73cb24dd6e1200782e82",
    "https://esm.sh/v135/openai@4.72.0/denonext/core.js": "02896ece0b7a8094f8c528be3426009fc6ede7339d80f2c6e9aeec9de16588d3",
    "https://esm.sh/v135/openai@4.72.0/denonext/error.js": "ab3ad6a9eb18840ab0d726dec0181a50407c9b1a57148698d2cc2dea2892c057",
    "https://esm.sh/v135/openai@4.72.0/denonext/helpers/zod.js": "a82bb705a84859faea1772e29bc5eb046dbc638575ad6e64206e1de664e78fe1",
    "https://esm.sh/v135/openai@4.72.0/denonext/internal/decoders/line.js": "5e1d09018339fdee2ed20a4c105ccd997883929f5fe1feb597ec955ee18855c8",
    "https://esm.sh/v135/openai@4.72.0/denonext/internal/qs.js": "ec5ecfb6fb33f4333685df462a87db0e0b4f6835436b12fbb99cc81615eb3130",
    "https://esm.sh/v135/openai@4.72.0/denonext/internal/qs/formats.js": "b92f71207d7c4a5957f97fa4e4f94a3a762bf95b8431dad6062e5ba9fbcb4756",
    "https://esm.sh/v135/openai@4.72.0/denonext/internal/qs/stringify.js": "b1c4d32160ccce115e6dbd1575c7b9adcd8e178592c4b687fd31a88fd7139795",
    "https://esm.sh/v135/openai@4.72.0/denonext/internal/qs/utils.js": "13fc2deecd5cdf9937084d1613bce786e4166886d669b0efc6ec5482f94d3221",
    "https://esm.sh/v135/openai@4.72.0/denonext/lib/AbstractChatCompletionRunner.js": "f417fdf080e2afb46950682347f091c0e74f80ff6a68cc3b3f0354aef90c8243",
    "https://esm.sh/v135/openai@4.72.0/denonext/lib/AssistantStream.js": "7ee6c3fc1b4000297fe4c7ec0ee7a9eb8077f0dc66e6eb07110b22712ee13c8f",
    "https://esm.sh/v135/openai@4.72.0/denonext/lib/ChatCompletionRunner.js": "15cf9b3245e75dda00cb10ef3c7c4861b944f3e560b17af2e519c9832986b361",
    "https://esm.sh/v135/openai@4.72.0/denonext/lib/ChatCompletionStream.js": "28698b96e6d330e36bbec0267f73c8f6a5dd9b927ec3ab9a0c8a80c249ac49de",
    "https://esm.sh/v135/openai@4.72.0/denonext/lib/ChatCompletionStreamingRunner.js": "69d2dcda59035006a5a6172679df66d80344b11631893b1dbdf1d1d601e868bc",
    "https://esm.sh/v135/openai@4.72.0/denonext/lib/EventStream.js": "4d2c50c865136cf25c743ae1f81658186ebc7957dc3aaaeb78d5f01ea265759d",
    "https://esm.sh/v135/openai@4.72.0/denonext/lib/RunnableFunction.js": "8b3e88ac71b422a49edba1cad281f88eec4016263a6c4d468c0a0e02a9373dc2",
    "https://esm.sh/v135/openai@4.72.0/denonext/lib/Util.js": "61070263f3e56b8fcef2e488129901650913a5f39eca96a143643ba608cf9590",
    "https://esm.sh/v135/openai@4.72.0/denonext/lib/chatCompletionUtils.js": "716a02f9a751454d3688201759fad6e05ec44de5e0ae4d5f25baccd9e916193a",
    "https://esm.sh/v135/openai@4.72.0/denonext/lib/parser.js": "9230aed66a3450664689d01cb8ba927ac8aefdd314cde1c468e65186208ff12f",
    "https://esm.sh/v135/openai@4.72.0/denonext/openai.mjs": "3900cdda631cd346398547801fd38d956cc559c3da14abee1f3b0d9d5a91da7c",
    "https://esm.sh/v135/openai@4.72.0/denonext/pagination.js": "4e4c79c69759513b2b53ca5875477204b12cfd8ddf28ded34b63c1668d8bd824",
    "https://esm.sh/v135/openai@4.72.0/denonext/resource.js": "734ec9d158a33ec13878a11300246fa173d2388bd78dc597d1d0b359d87117a2",
    "https://esm.sh/v135/openai@4.72.0/denonext/resources.js": "c77eff879d5cf6ecd2e0dc76549492d699a7947867fd7e28458842e5bb01f255",
    "https://esm.sh/v135/openai@4.72.0/denonext/resources/audio/audio.js": "c0913194d91e5d72a8061ec88cfef359e2f5b8e9b1c91314b8355e6fe5e8739e",
    "https://esm.sh/v135/openai@4.72.0/denonext/resources/audio/speech.js": "3c967e4cda8fbd87f152e376b610e7a326b40ce12214cf7f2fc08dac6051f3f2",
    "https://esm.sh/v135/openai@4.72.0/denonext/resources/audio/transcriptions.js": "6abb18913e9468323e5b6bcd568f3cffa44ecaa26ee8f78a627f1666a4e7d078",
    "https://esm.sh/v135/openai@4.72.0/denonext/resources/audio/translations.js": "0e3c420781848a735d11d99c853cad8030758d5f26a51eb4d3cbf242e821f5f8",
    "https://esm.sh/v135/openai@4.72.0/denonext/resources/batches.js": "e239cd788f893a461ef22cbd5e4fed866bb1d2330fa646c4e02e777a5333f753",
    "https://esm.sh/v135/openai@4.72.0/denonext/resources/beta/assistants.js": "dd4f3beb8df449dc8f2e16ee9726873f4eac148bebdaf2b82f6ad71ef5e5da7e",
    "https://esm.sh/v135/openai@4.72.0/denonext/resources/beta/beta.js": "57b6cb60a00d7a6519c80b0c4d98312b27ec82d24ca138215199fbc30b1dfed2",
    "https://esm.sh/v135/openai@4.72.0/denonext/resources/beta/chat/chat.js": "54e5b88d95aec52065add1286dd92152ed80d4995243b53950ac64e78f34014a",
    "https://esm.sh/v135/openai@4.72.0/denonext/resources/beta/chat/completions.js": "8a54f37ad20eb0a15c2ac8ab4cc249b66788ab89ecac6082efe4653c70fb5fb9",
    "https://esm.sh/v135/openai@4.72.0/denonext/resources/beta/threads/messages.js": "88305224a178d000ae7855aeb0bc6c81d05d0fc1616a09b9e291197f67abc4a7",
    "https://esm.sh/v135/openai@4.72.0/denonext/resources/beta/threads/runs/runs.js": "4bfbb2dd870baea8f2dbac17789861b3781b7c8cf448cab73641cdbd5d03f272",
    "https://esm.sh/v135/openai@4.72.0/denonext/resources/beta/threads/runs/steps.js": "337d999ad3f714f963315bec887ed22eced0ed5634708c41b9907a3c69690f22",
    "https://esm.sh/v135/openai@4.72.0/denonext/resources/beta/threads/threads.js": "bc6cf0c8e2c49c4a4ae1affea55e0a5c640769f4faf21e7144decc47bbfb3a8c",
    "https://esm.sh/v135/openai@4.72.0/denonext/resources/beta/vector-stores/file-batches.js": "776d97db657bd9ddf72353960a18882b6336a1f9169b9ff39c1aa06aefe5471b",
    "https://esm.sh/v135/openai@4.72.0/denonext/resources/beta/vector-stores/files.js": "230a3c79e9b0d381cb9f2e5d3822558cd7f5c02f86296a2d2c2a134d8e6f1a56",
    "https://esm.sh/v135/openai@4.72.0/denonext/resources/beta/vector-stores/vector-stores.js": "adbea51bf7fce0ae6455a074ffe8ef753355db9db8589daeecf2654355951ae7",
    "https://esm.sh/v135/openai@4.72.0/denonext/resources/chat.js": "37dfe3513b35a8a720bf6d98e718046d04bba13dd70b5d20140c24030fc0009e",
    "https://esm.sh/v135/openai@4.72.0/denonext/resources/chat/chat.js": "b415893d24fc532ccf68b6c27a7536bcfe9ee700307d7a2b02ff135e655d6aaa",
    "https://esm.sh/v135/openai@4.72.0/denonext/resources/chat/completions.js": "588e2b9222dc9bb0cfbe16f56517691c9b53b48b0cdebde3383f8f95e9684596",
    "https://esm.sh/v135/openai@4.72.0/denonext/resources/completions.js": "2f8f37ba7155c201461f98317de3e829607258651d2c2a0dd6dc0b1a695245eb",
    "https://esm.sh/v135/openai@4.72.0/denonext/resources/embeddings.js": "cf9e005245ff8b4aecbbe63e528cb117323c8c367d3cbae085dad3aa98259c3e",
    "https://esm.sh/v135/openai@4.72.0/denonext/resources/files.js": "e970c11d953910716c5503d075d9cf0e27a337f4b5626061cc7d85fe9d319e9a",
    "https://esm.sh/v135/openai@4.72.0/denonext/resources/fine-tuning/fine-tuning.js": "0898dae43059eec8c434e4a4dc40a59746c012e9b6e338e00871bb31577b9634",
    "https://esm.sh/v135/openai@4.72.0/denonext/resources/fine-tuning/jobs/checkpoints.js": "b588f9740f899fc77f698ba0b9516165fac0c12ad6f11f7395e7f4348df8d345",
    "https://esm.sh/v135/openai@4.72.0/denonext/resources/fine-tuning/jobs/jobs.js": "5af17df8da3469173ccdb98e838bc9be71328b5eb9d2622420409f121c6fa1b4",
    "https://esm.sh/v135/openai@4.72.0/denonext/resources/images.js": "242d51e666b587beb751322de4fbe8cb5e957434f70ccd727b260749664705b8",
    "https://esm.sh/v135/openai@4.72.0/denonext/resources/models.js": "589d554cab87300452fae427c2a7c82b17d8c625c28d244498c72a8e58073e49",
    "https://esm.sh/v135/openai@4.72.0/denonext/resources/moderations.js": "342fe902175160f4a332f801623504008e0b693d5e0dd73743b61fc860883436",
    "https://esm.sh/v135/openai@4.72.0/denonext/resources/shared.js": "6ef9f1f5175635bc5423f347b2642edda5ee81508ab473801b2ba747ae2134b3",
    "https://esm.sh/v135/openai@4.72.0/denonext/resources/uploads/parts.js": "b64f022fbaa654b08675d42097e2ff96c3892f3920f56f933fbc50b9956c5048",
    "https://esm.sh/v135/openai@4.72.0/denonext/resources/uploads/uploads.js": "9eefed404de606b18c440d7c9a93c698b2caed6752d812be530366ac0f45d81c",
    "https://esm.sh/v135/openai@4.72.0/denonext/streaming.js": "a85b147ab3b3787cc9099971ff053c1c5fd91c3592a1c695736b6719d0f4f761",
    "https://esm.sh/v135/openai@4.72.0/denonext/uploads.js": "f2c275d43ebc78a8ab8450336aadd6b58a830c0beb79d4747bfb81effd7ea1a0",
    "https://esm.sh/v135/openai@4.72.0/denonext/version.js": "9c9002d431214fdced37dfe01473d3e7fff6dfbfae04e8b20c39087b5de33e66",
    "https://esm.sh/v135/openai@4.73.0/denonext/_shims.js": "e21d86e8d9e5488252a95c26e760a5dc014c623c1d818a59f686d0b616bd579b",
    "https://esm.sh/v135/openai@4.73.0/denonext/_shims/MultipartBody.js": "160d824e8c6247430f28d2cc1b99ef99db3b7fee4cdab69f7738ebb390e7db6f",
    "https://esm.sh/v135/openai@4.73.0/denonext/_shims/auto/runtime.js": "f547f27f5b7a8cc9a51e3b4b41341223c9020b604f058ccc95911b29eaaae3ec",
    "https://esm.sh/v135/openai@4.73.0/denonext/_shims/registry.js": "bef468d5f32e7b241196aa2b68a4aee18319df6a4942fe922e83d87e8a5844af",
    "https://esm.sh/v135/openai@4.73.0/denonext/_shims/web-runtime.js": "701979e7733864c2b140ce30e6e0a854fad695632aba7fe8d4471f9994fda9da",
    "https://esm.sh/v135/openai@4.73.0/denonext/_vendor/partial-json-parser/parser.js": "df4c842953888e9eaaa99e46503d361b3d2d0447b2a4a3211be8bc99a34c5540",
    "https://esm.sh/v135/openai@4.73.0/denonext/_vendor/zod-to-json-schema.js": "43c5595a83cf19870d65c2ac726446b0ebf16453b127b19a37c91d977bf14b19",
    "https://esm.sh/v135/openai@4.73.0/denonext/_vendor/zod-to-json-schema/Options.js": "c2c4a6676769feff3121c517860f5aee6a7e4b39fb860eabe7127b55f88ef8c2",
    "https://esm.sh/v135/openai@4.73.0/denonext/_vendor/zod-to-json-schema/Refs.js": "0fac17571e9ecec1cd9e42390dae7a14caeaa4fddbd59f53dac03d55c9aacb75",
    "https://esm.sh/v135/openai@4.73.0/denonext/_vendor/zod-to-json-schema/errorMessages.js": "c081b7db7d566e8edf8cc6e9401cef92eaef182766091ba29f595662f1139180",
    "https://esm.sh/v135/openai@4.73.0/denonext/_vendor/zod-to-json-schema/parseDef.js": "05d702407d1d8c9e22cf0089d052795ebc4c2e6175974026a3bcb0c257537c75",
    "https://esm.sh/v135/openai@4.73.0/denonext/_vendor/zod-to-json-schema/parsers/any.js": "4fcb511b5e2e6af9613f9513502c0d4d69ec670899526e7be055a57ccc649c46",
    "https://esm.sh/v135/openai@4.73.0/denonext/_vendor/zod-to-json-schema/parsers/array.js": "4ce84f738517e5b7487133b88305facf27450eed4d8ba7f508c1f703c8eff205",
    "https://esm.sh/v135/openai@4.73.0/denonext/_vendor/zod-to-json-schema/parsers/bigint.js": "b86353f660aa2c4064101a1a8f210172eacb4261e6d92cf099746c5d2c37ae01",
    "https://esm.sh/v135/openai@4.73.0/denonext/_vendor/zod-to-json-schema/parsers/boolean.js": "98b31fcc45296f25463cf6ef50b290442fd563fb951dbb1439e88dd5178581e0",
    "https://esm.sh/v135/openai@4.73.0/denonext/_vendor/zod-to-json-schema/parsers/branded.js": "37425fb437948d9bf6401e4c6eebec800b84dce3ef87c6614d4f246e853a9635",
    "https://esm.sh/v135/openai@4.73.0/denonext/_vendor/zod-to-json-schema/parsers/catch.js": "fd0c54f0bea57a28384ed68ab7762fbb2f429cb6d991f070650077df7d4daca8",
    "https://esm.sh/v135/openai@4.73.0/denonext/_vendor/zod-to-json-schema/parsers/date.js": "09469b430dc60fc3dc8f6c412a61d8bf5448728b6f91af3b02386b72b00ee3ac",
    "https://esm.sh/v135/openai@4.73.0/denonext/_vendor/zod-to-json-schema/parsers/default.js": "0af7676071b28bdca68aab17cbedcf4973e58fcb81dd8095914285f047ffa623",
    "https://esm.sh/v135/openai@4.73.0/denonext/_vendor/zod-to-json-schema/parsers/effects.js": "1c66d40d5a4bee4462e1b145d8847f7b30283606cc0ba6e1a8f2a55028d35354",
    "https://esm.sh/v135/openai@4.73.0/denonext/_vendor/zod-to-json-schema/parsers/enum.js": "0aef86d9eedea36972ed528fa282d066367f91d418e71df057ba5876e1f62846",
    "https://esm.sh/v135/openai@4.73.0/denonext/_vendor/zod-to-json-schema/parsers/intersection.js": "62fee3764d981fdd9cebd5cbee42ca78c779edf2870b2a6499417dd429688e63",
    "https://esm.sh/v135/openai@4.73.0/denonext/_vendor/zod-to-json-schema/parsers/literal.js": "9ee76202fd2c5731a5ef307109f6817f0c30bbafda16901a20e9d5b930b3a958",
    "https://esm.sh/v135/openai@4.73.0/denonext/_vendor/zod-to-json-schema/parsers/map.js": "e795c2ccd23c36ca4168800e725213017b411b22554bc18cfb02e970af599de5",
    "https://esm.sh/v135/openai@4.73.0/denonext/_vendor/zod-to-json-schema/parsers/nativeEnum.js": "e1802c3b64750057825c10c9e76567ee8d2f6a8c9708fa327c7d1f7077a00321",
    "https://esm.sh/v135/openai@4.73.0/denonext/_vendor/zod-to-json-schema/parsers/never.js": "a3e164218cbe63aa2bbae7825d6641750a6ccaa1ab2cf6ba0bd15c9d18ee1812",
    "https://esm.sh/v135/openai@4.73.0/denonext/_vendor/zod-to-json-schema/parsers/null.js": "db8e260f5917c3610f959dc263ed3593f53bc949a208dcf586edeb624829ccb1",
    "https://esm.sh/v135/openai@4.73.0/denonext/_vendor/zod-to-json-schema/parsers/nullable.js": "87795459ee85a3cb2fa56297dd25975daa6578a5db88212701887909676354fb",
    "https://esm.sh/v135/openai@4.73.0/denonext/_vendor/zod-to-json-schema/parsers/number.js": "2320d547c2f8ebd2ba67e380832b4d8c13ec66a1852b368f22b229013f0f8294",
    "https://esm.sh/v135/openai@4.73.0/denonext/_vendor/zod-to-json-schema/parsers/object.js": "ec9b9937ba457968acabfaa4bfea41ae798de31e2647f266ac9382e5766f5bfd",
    "https://esm.sh/v135/openai@4.73.0/denonext/_vendor/zod-to-json-schema/parsers/optional.js": "015198183a586e90a2101f39b21b12ecad42e91ed77e89c26f4e1ea670f5f7d2",
    "https://esm.sh/v135/openai@4.73.0/denonext/_vendor/zod-to-json-schema/parsers/pipeline.js": "4e65e4c3077b72fddcc27d4cd77ba251f646ebe43de5a5cc18b6970e7b09ae57",
    "https://esm.sh/v135/openai@4.73.0/denonext/_vendor/zod-to-json-schema/parsers/promise.js": "daf7394e491c387437d2b8f9854f7acb6e74e33722d2b2257c65f28c3abf2ad7",
    "https://esm.sh/v135/openai@4.73.0/denonext/_vendor/zod-to-json-schema/parsers/readonly.js": "b8f05c575c840fb831c6ac91ae58720532ea17055a51c6a3a1a73e3877aeff74",
    "https://esm.sh/v135/openai@4.73.0/denonext/_vendor/zod-to-json-schema/parsers/record.js": "7a7f6545dc7bacd208bf93ccc7fdb7fc2197170296478796f92e6a33372fcc75",
    "https://esm.sh/v135/openai@4.73.0/denonext/_vendor/zod-to-json-schema/parsers/set.js": "f9ba2280d47f5a676e2f95a379a4ffa6c95703cdf0382ad3bbf38ee53d4e3e72",
    "https://esm.sh/v135/openai@4.73.0/denonext/_vendor/zod-to-json-schema/parsers/string.js": "c405df7ba2c40464bea3d36937f606a50ca671c60580801b5738f32be6363e39",
    "https://esm.sh/v135/openai@4.73.0/denonext/_vendor/zod-to-json-schema/parsers/tuple.js": "d3e6b0ede5839c12299f68a7a6cb1433b87f8a657bed8617186b35a0eada71f5",
    "https://esm.sh/v135/openai@4.73.0/denonext/_vendor/zod-to-json-schema/parsers/undefined.js": "b4ed9d017efe0e08f935db92e71241f77ee894ca082191ac1275fa11c8c6ba07",
    "https://esm.sh/v135/openai@4.73.0/denonext/_vendor/zod-to-json-schema/parsers/union.js": "cc0b901f4a758028cf186a5cf57a7a31a0344e4f75f273f720b7d3cb70e5cd58",
    "https://esm.sh/v135/openai@4.73.0/denonext/_vendor/zod-to-json-schema/parsers/unknown.js": "a538ea8acb8eb80a975ba3161710658f241550a7a44ac2d2551981180a2bf64b",
    "https://esm.sh/v135/openai@4.73.0/denonext/_vendor/zod-to-json-schema/util.js": "799db8f6e5fe3d644ed48548c7589b137685e4be32c300c4c21f5b47c663b25e",
    "https://esm.sh/v135/openai@4.73.0/denonext/_vendor/zod-to-json-schema/zodToJsonSchema.js": "0c84740b759f5eeadcbbe522e4d5fdd718c18e444422e7e689dc9019997189e4",
    "https://esm.sh/v135/openai@4.73.0/denonext/core.js": "e1d9d846859b3d30162d8d05bcb6424d84b6011e04405e8a9357d38a25a8fb7a",
    "https://esm.sh/v135/openai@4.73.0/denonext/error.js": "f1a5eeddf08480923b639a13a90196bd7c31e5533a342c2149957324f0704980",
    "https://esm.sh/v135/openai@4.73.0/denonext/helpers/zod.js": "e5f706c222c6e51d18af852103e3197e8b875f8c790a289b28229555ae15b838",
    "https://esm.sh/v135/openai@4.73.0/denonext/internal/decoders/line.js": "1c6eaaa056bedc36bef2452cdafdd6e10c0d0d239b3dc6d07e8da7a42e1ac79c",
    "https://esm.sh/v135/openai@4.73.0/denonext/internal/qs.js": "a10f6708af5205b0135c7146de7e15ba0e253f42f6ab8fd8011d9a9e4d0b3f6f",
    "https://esm.sh/v135/openai@4.73.0/denonext/internal/qs/formats.js": "480767d8c9a43934e282c937676de723cf5c1ea3237c29b04833b89245cf4ec0",
    "https://esm.sh/v135/openai@4.73.0/denonext/internal/qs/stringify.js": "1f4f3212f995aa922287bc8c818d47f0552ade7e61b8f7409df2f1bc634f854a",
    "https://esm.sh/v135/openai@4.73.0/denonext/internal/qs/utils.js": "1500d4b84e116a26e7f7874267438a4d3de5b25af4824dce467084926cdba43b",
    "https://esm.sh/v135/openai@4.73.0/denonext/lib/AbstractChatCompletionRunner.js": "e952773c343c99186a64c42d769c49db9ba710e77560221b03f82c2c78feed43",
    "https://esm.sh/v135/openai@4.73.0/denonext/lib/AssistantStream.js": "6f86a821fa24ce3324de179ed9a386893719ba6b44266ce5fa3206171ce94822",
    "https://esm.sh/v135/openai@4.73.0/denonext/lib/ChatCompletionRunner.js": "ce5e604ac9f2c24045805474e942b7b6e4a5781b9301c5c960b251413bd49ec1",
    "https://esm.sh/v135/openai@4.73.0/denonext/lib/ChatCompletionStream.js": "06c1f48665ff6df9f608c21d55d6cd20b5b04e1cb771b32dddce5e370a7ab9d1",
    "https://esm.sh/v135/openai@4.73.0/denonext/lib/ChatCompletionStreamingRunner.js": "96b54be22d3e9733fc92633d0756096838c7107b76d7f0ccfa02e769d8527f7a",
    "https://esm.sh/v135/openai@4.73.0/denonext/lib/EventStream.js": "89f14f245b61cd9929b8aff49c985118144fc091031363c8b8c98a1af7bffde5",
    "https://esm.sh/v135/openai@4.73.0/denonext/lib/RunnableFunction.js": "408a8b03bbd30774184cd6eb68afcbaa8e2a18c00911bff3a6fcc90c30496adc",
    "https://esm.sh/v135/openai@4.73.0/denonext/lib/Util.js": "f95004ed34b3957de29f57554f22a5519a6108c6714f447d7df1cca9ffaab585",
    "https://esm.sh/v135/openai@4.73.0/denonext/lib/chatCompletionUtils.js": "b9ab0901d7ab2a81595f175d9aa37d189c90401fb701d48e67e1e18173f3000b",
    "https://esm.sh/v135/openai@4.73.0/denonext/lib/parser.js": "f7ef07a183d0e8e113466444c6516954d55612c253f331daa10cb5ebd94cee0a",
    "https://esm.sh/v135/openai@4.73.0/denonext/openai.mjs": "68e57b6a0a23fde54bd5d4f2ad439c8d03a40e3be0d038616a184357e3d239a4",
    "https://esm.sh/v135/openai@4.73.0/denonext/pagination.js": "c057b37e0c1cd276f64f127596ecb55949690d0c3f6a920e41d49279a53780e2",
    "https://esm.sh/v135/openai@4.73.0/denonext/resource.js": "2c8462b93337c5e926e15eaed8c28d731cb64fe44a2dd04006d6c54ed8086fb8",
    "https://esm.sh/v135/openai@4.73.0/denonext/resources.js": "2b8bd4fbaa4a45178c1b7f6e39ca251017c17aec4affeb3e4797f852aafd895b",
    "https://esm.sh/v135/openai@4.73.0/denonext/resources/audio/audio.js": "6aca02ef5315e9b80a4f9e88c5a2d04197575f379bd06ab4af3b97367cf2e988",
    "https://esm.sh/v135/openai@4.73.0/denonext/resources/audio/speech.js": "d2b1946bcd9511e81671026fbe4f1e7bbd62b86d4d769ff4d3cd55604b1e4401",
    "https://esm.sh/v135/openai@4.73.0/denonext/resources/audio/transcriptions.js": "ad9805b33e33294eea5f3a674d552ecffd147c0b4445bf20f9616b75f96d9abd",
    "https://esm.sh/v135/openai@4.73.0/denonext/resources/audio/translations.js": "a009fc56a7edb677b7a9f7a7f71cdd259c9b1d5041510c94f30b2f9891795b88",
    "https://esm.sh/v135/openai@4.73.0/denonext/resources/batches.js": "4a3f66dc21c39cbafff5f7d49e54bb74ade7cf5fe6ec26ff8f3da49454ccccd7",
    "https://esm.sh/v135/openai@4.73.0/denonext/resources/beta/assistants.js": "9fcaf585b5cdfe75c1794640d49797bf6f7246cd1c668fa3d6d7f4f167ff17d0",
    "https://esm.sh/v135/openai@4.73.0/denonext/resources/beta/beta.js": "339d041f7c793f84a253398e27f79109bd4087e09036483b6fb4d126b07b6614",
    "https://esm.sh/v135/openai@4.73.0/denonext/resources/beta/chat/chat.js": "763e890c87002115a62772994b3b5908a6c6e95100117f8831994affe605120f",
    "https://esm.sh/v135/openai@4.73.0/denonext/resources/beta/chat/completions.js": "841034215f8bcecd83231895f1a92d565ea23eee4b7ac3a8158cca1e4daef4ea",
    "https://esm.sh/v135/openai@4.73.0/denonext/resources/beta/threads/messages.js": "455ff75ceeb444f8fd4cf2701daf7a6cad33cf8f41e855a07697721ed8d8bf01",
    "https://esm.sh/v135/openai@4.73.0/denonext/resources/beta/threads/runs/runs.js": "0709f692ac5806c8e1f8fd05990fba2fb1e181e242c7141a2ab3a94ab5300fca",
    "https://esm.sh/v135/openai@4.73.0/denonext/resources/beta/threads/runs/steps.js": "5b0a44882bd7d40db70a5ad3e997cb1032b3bf8f19507f7f282d5b372c87ea42",
    "https://esm.sh/v135/openai@4.73.0/denonext/resources/beta/threads/threads.js": "059e3b2575d8bdd10510124c1f40f48ac0a9ae8f3b29b188dab64421a2aa0d76",
    "https://esm.sh/v135/openai@4.73.0/denonext/resources/beta/vector-stores/file-batches.js": "79be49ffd0c5b91737ddbfa0ff7fd4aa41164ce4db950d70d26aa0552403ffac",
    "https://esm.sh/v135/openai@4.73.0/denonext/resources/beta/vector-stores/files.js": "661a9563b5e43784c7cd77275702b8aff5ae7ec123d2be2f46ecebcc29de6cfc",
    "https://esm.sh/v135/openai@4.73.0/denonext/resources/beta/vector-stores/vector-stores.js": "84ebbebd38da3003844a214182f0f2358a804664a066913e36d4f1fcd3f0f2e0",
    "https://esm.sh/v135/openai@4.73.0/denonext/resources/chat.js": "d8e1219be57267240adb0e78e7f6788644e90bc425c79fe1e623b1171e32150b",
    "https://esm.sh/v135/openai@4.73.0/denonext/resources/chat/chat.js": "164d0735b9b138677600bfcb6ba1d961531849698dfa11ba2ba80c3146acade6",
    "https://esm.sh/v135/openai@4.73.0/denonext/resources/chat/completions.js": "adf8c8d5b9b0c270d2d974a1ace8d575272937affe663842b107d6c61d6e19dc",
    "https://esm.sh/v135/openai@4.73.0/denonext/resources/completions.js": "3123177601d60105b37e1e247345e7a5961c5b0f9a4fab248e1f82c7ca04a46e",
    "https://esm.sh/v135/openai@4.73.0/denonext/resources/embeddings.js": "8973b930e08cdb9a75ddd81298f4ceb25982309e1380b63d174220466913a4b7",
    "https://esm.sh/v135/openai@4.73.0/denonext/resources/files.js": "e89b3e78c1626ffcfbef8298b7655b128266bb7319026641c8ea9784487e282a",
    "https://esm.sh/v135/openai@4.73.0/denonext/resources/fine-tuning/fine-tuning.js": "1c89571d89561ea0402818b3bedadb4de0ebbbd0811aa7b0f74f85a8e6937328",
    "https://esm.sh/v135/openai@4.73.0/denonext/resources/fine-tuning/jobs/checkpoints.js": "6bc57ccea0edeb8a481d86b597fc6d103952507b893f6f9a8889def9ee41fa0a",
    "https://esm.sh/v135/openai@4.73.0/denonext/resources/fine-tuning/jobs/jobs.js": "b3e4c3b080353dcf5cd7a648fa9f1dcedd64948a513d823e9153ff2b60700b43",
    "https://esm.sh/v135/openai@4.73.0/denonext/resources/images.js": "4b5da45cb38baf4d9ff41799e013a5380f98c326b5b8dc9d6618986ecc0e131e",
    "https://esm.sh/v135/openai@4.73.0/denonext/resources/models.js": "eec176c04dbddf80ac012298f725a4a65d55af42ef7d642c11a580502557cb86",
    "https://esm.sh/v135/openai@4.73.0/denonext/resources/moderations.js": "c0c49db4e2d0d108af90ece57b4241c612518ad4323ac76d910e52b017b7343f",
    "https://esm.sh/v135/openai@4.73.0/denonext/resources/shared.js": "08853dab660b9ac7fc4b161fe0a0ae6b0a9b87f966e6a1e399dbaf9529623074",
    "https://esm.sh/v135/openai@4.73.0/denonext/resources/uploads/parts.js": "4ca83e9a98dceaf2bc69c931ac2040b1219f7f9db91777dd928d7f19651740a3",
    "https://esm.sh/v135/openai@4.73.0/denonext/resources/uploads/uploads.js": "ece50797ea7d6020c7f026d1542833f597e79ceb17c37f94684c763cc9883f3f",
    "https://esm.sh/v135/openai@4.73.0/denonext/streaming.js": "3c0c921e85b8bfd1e3d9c4766d63a072a436969642f34e8566107310f83d14b9",
    "https://esm.sh/v135/openai@4.73.0/denonext/uploads.js": "90a9d17f76db4470d1100be693f92552817aea54680f0e5af56b37c82fbcb5ac",
    "https://esm.sh/v135/openai@4.73.0/denonext/version.js": "96092f94091a9bfc865d3bbf8e4da0027e4cd3daa6e384fd81505cb71035262a",
    "https://esm.sh/v135/p-finally@1.0.0/denonext/p-finally.mjs": "5ad31f91b28a49a738260a79a0be34bf64bcd03ee7909350dd0227e573eae781",
    "https://esm.sh/v135/p-queue@6.6.2/denonext/p-queue.mjs": "bcd9d4da477f7af0034670ecd0437b8343ce87f1bca8b152753b22564e0ab1b2",
    "https://esm.sh/v135/p-retry@4.6.2/denonext/p-retry.mjs": "0d6e7cadbcc4be939560dc72b60bc5a6720414c8b59803bf75195e360e52ee28",
    "https://esm.sh/v135/p-timeout@3.2.0/denonext/p-timeout.mjs": "7ec7dec7c9f30a3e4255790617a1cde9a5e6c7eef5671b34bd9f77202f4b2e42",
    "https://esm.sh/v135/retry@0.13.1/denonext/retry.mjs": "0d9e9d51789f08a5d07d34e16693a133f0faaca52379af8639c682370b6c5ad7",
    "https://esm.sh/v135/semver@7.6.3/denonext/semver.mjs": "0fcc6e2fcceb477607d5ddeb1e8030bfbd38d34c3489ce1443085361e031bfa2",
    "https://esm.sh/v135/uuid@10.0.0/denonext/uuid.mjs": "51eda996111dc0caa6d01fd4c4061646865f56a2cc6e783a3a7b34fa5f775136",
    "https://esm.sh/v135/zod-to-json-schema@3.23.5/denonext/zod-to-json-schema.mjs": "f9cd305df29a332f3470ae1d6c199bc19ce9ced4b92f92364e94726cbd4aed9b",
    "https://esm.sh/v135/zod@3.23.8/denonext/zod.mjs": "b3707b03ddc01aab11b740436ab23c0fcc8d15fed072be20085c1fd611016b61"
  }
}
